// !$*UTF8*$!
{
	archiveVersion = 1;
	classes = {
	};
	objectVersion = 56;
	objects = {

/* Begin PBXBuildFile section */
		583F99BA2A2DEAEC00BFF82E /* AppDelegate.swift in Sources */ = {isa = PBXBuildFile; fileRef = 583F99B92A2DEAEC00BFF82E /* AppDelegate.swift */; };
		583F99BC2A2DEAEC00BFF82E /* SceneDelegate.swift in Sources */ = {isa = PBXBuildFile; fileRef = 583F99BB2A2DEAEC00BFF82E /* SceneDelegate.swift */; };
		583F99BE2A2DEAEC00BFF82E /* LoginView.swift in Sources */ = {isa = PBXBuildFile; fileRef = 583F99BD2A2DEAEC00BFF82E /* LoginView.swift */; };
		583F99C12A2DEAEC00BFF82E /* Main.storyboard in Resources */ = {isa = PBXBuildFile; fileRef = 583F99BF2A2DEAEC00BFF82E /* Main.storyboard */; };
		583F99C32A2DEAED00BFF82E /* Assets.xcassets in Resources */ = {isa = PBXBuildFile; fileRef = 583F99C22A2DEAED00BFF82E /* Assets.xcassets */; };
		583F99C62A2DEAED00BFF82E /* LaunchScreen.storyboard in Resources */ = {isa = PBXBuildFile; fileRef = 583F99C42A2DEAED00BFF82E /* LaunchScreen.storyboard */; };
		583F99D12A2DEAED00BFF82E /* MVVM___combine_practiceTests.swift in Sources */ = {isa = PBXBuildFile; fileRef = 583F99D02A2DEAED00BFF82E /* MVVM___combine_practiceTests.swift */; };
		583F99DB2A2DEAED00BFF82E /* MVVM___combine_practiceUITests.swift in Sources */ = {isa = PBXBuildFile; fileRef = 583F99DA2A2DEAED00BFF82E /* MVVM___combine_practiceUITests.swift */; };
		583F99DD2A2DEAED00BFF82E /* MVVM___combine_practiceUITestsLaunchTests.swift in Sources */ = {isa = PBXBuildFile; fileRef = 583F99DC2A2DEAED00BFF82E /* MVVM___combine_practiceUITestsLaunchTests.swift */; };
		583F99EB2A2DEB4A00BFF82E /* LoginViewModel.swift in Sources */ = {isa = PBXBuildFile; fileRef = 583F99EA2A2DEB4A00BFF82E /* LoginViewModel.swift */; };
		583F99EE2A2DEBA200BFF82E /* APIClient.swift in Sources */ = {isa = PBXBuildFile; fileRef = 583F99ED2A2DEBA200BFF82E /* APIClient.swift */; };
		583F99F02A2DECB100BFF82E /* User.swift in Sources */ = {isa = PBXBuildFile; fileRef = 583F99EF2A2DECB100BFF82E /* User.swift */; };
		583F99F32A2F333900BFF82E /* HomeView.swift in Sources */ = {isa = PBXBuildFile; fileRef = 583F99F22A2F333900BFF82E /* HomeView.swift */; };
/* End PBXBuildFile section */

/* Begin PBXContainerItemProxy section */
		583F99CD2A2DEAED00BFF82E /* PBXContainerItemProxy */ = {
			isa = PBXContainerItemProxy;
			containerPortal = 583F99AE2A2DEAEC00BFF82E /* Project object */;
			proxyType = 1;
			remoteGlobalIDString = 583F99B52A2DEAEC00BFF82E;
			remoteInfo = "MVVM & combine practice";
		};
		583F99D72A2DEAED00BFF82E /* PBXContainerItemProxy */ = {
			isa = PBXContainerItemProxy;
			containerPortal = 583F99AE2A2DEAEC00BFF82E /* Project object */;
			proxyType = 1;
			remoteGlobalIDString = 583F99B52A2DEAEC00BFF82E;
			remoteInfo = "MVVM & combine practice";
		};
/* End PBXContainerItemProxy section */

/* Begin PBXFileReference section */
		583F99B62A2DEAEC00BFF82E /* MVVM & combine practice.app */ = {isa = PBXFileReference; explicitFileType = wrapper.application; includeInIndex = 0; path = "MVVM & combine practice.app"; sourceTree = BUILT_PRODUCTS_DIR; };
		583F99B92A2DEAEC00BFF82E /* AppDelegate.swift */ = {isa = PBXFileReference; lastKnownFileType = sourcecode.swift; path = AppDelegate.swift; sourceTree = "<group>"; };
		583F99BB2A2DEAEC00BFF82E /* SceneDelegate.swift */ = {isa = PBXFileReference; lastKnownFileType = sourcecode.swift; path = SceneDelegate.swift; sourceTree = "<group>"; };
		583F99BD2A2DEAEC00BFF82E /* LoginView.swift */ = {isa = PBXFileReference; lastKnownFileType = sourcecode.swift; path = LoginView.swift; sourceTree = "<group>"; };
		583F99C02A2DEAEC00BFF82E /* Base */ = {isa = PBXFileReference; lastKnownFileType = file.storyboard; name = Base; path = Base.lproj/Main.storyboard; sourceTree = "<group>"; };
		583F99C22A2DEAED00BFF82E /* Assets.xcassets */ = {isa = PBXFileReference; lastKnownFileType = folder.assetcatalog; path = Assets.xcassets; sourceTree = "<group>"; };
		583F99C52A2DEAED00BFF82E /* Base */ = {isa = PBXFileReference; lastKnownFileType = file.storyboard; name = Base; path = Base.lproj/LaunchScreen.storyboard; sourceTree = "<group>"; };
		583F99C72A2DEAED00BFF82E /* Info.plist */ = {isa = PBXFileReference; lastKnownFileType = text.plist.xml; path = Info.plist; sourceTree = "<group>"; };
		583F99CC2A2DEAED00BFF82E /* MVVM & combine practiceTests.xctest */ = {isa = PBXFileReference; explicitFileType = wrapper.cfbundle; includeInIndex = 0; path = "MVVM & combine practiceTests.xctest"; sourceTree = BUILT_PRODUCTS_DIR; };
		583F99D02A2DEAED00BFF82E /* MVVM___combine_practiceTests.swift */ = {isa = PBXFileReference; lastKnownFileType = sourcecode.swift; path = "MVVM___combine_practiceTests.swift"; sourceTree = "<group>"; };
		583F99D62A2DEAED00BFF82E /* MVVM & combine practiceUITests.xctest */ = {isa = PBXFileReference; explicitFileType = wrapper.cfbundle; includeInIndex = 0; path = "MVVM & combine practiceUITests.xctest"; sourceTree = BUILT_PRODUCTS_DIR; };
		583F99DA2A2DEAED00BFF82E /* MVVM___combine_practiceUITests.swift */ = {isa = PBXFileReference; lastKnownFileType = sourcecode.swift; path = "MVVM___combine_practiceUITests.swift"; sourceTree = "<group>"; };
		583F99DC2A2DEAED00BFF82E /* MVVM___combine_practiceUITestsLaunchTests.swift */ = {isa = PBXFileReference; lastKnownFileType = sourcecode.swift; path = "MVVM___combine_practiceUITestsLaunchTests.swift"; sourceTree = "<group>"; };
		583F99EA2A2DEB4A00BFF82E /* LoginViewModel.swift */ = {isa = PBXFileReference; lastKnownFileType = sourcecode.swift; path = LoginViewModel.swift; sourceTree = "<group>"; };
		583F99ED2A2DEBA200BFF82E /* APIClient.swift */ = {isa = PBXFileReference; lastKnownFileType = sourcecode.swift; path = APIClient.swift; sourceTree = "<group>"; };
		583F99EF2A2DECB100BFF82E /* User.swift */ = {isa = PBXFileReference; lastKnownFileType = sourcecode.swift; path = User.swift; sourceTree = "<group>"; };
		583F99F22A2F333900BFF82E /* HomeView.swift */ = {isa = PBXFileReference; lastKnownFileType = sourcecode.swift; path = HomeView.swift; sourceTree = "<group>"; };
/* End PBXFileReference section */

/* Begin PBXFrameworksBuildPhase section */
		583F99B32A2DEAEC00BFF82E /* Frameworks */ = {
			isa = PBXFrameworksBuildPhase;
			buildActionMask = 2147483647;
			files = (
			);
			runOnlyForDeploymentPostprocessing = 0;
		};
		583F99C92A2DEAED00BFF82E /* Frameworks */ = {
			isa = PBXFrameworksBuildPhase;
			buildActionMask = 2147483647;
			files = (
			);
			runOnlyForDeploymentPostprocessing = 0;
		};
		583F99D32A2DEAED00BFF82E /* Frameworks */ = {
			isa = PBXFrameworksBuildPhase;
			buildActionMask = 2147483647;
			files = (
			);
			runOnlyForDeploymentPostprocessing = 0;
		};
/* End PBXFrameworksBuildPhase section */

/* Begin PBXGroup section */
		583F99AD2A2DEAEC00BFF82E = {
			isa = PBXGroup;
			children = (
				583F99B82A2DEAEC00BFF82E /* MVVM & combine practice */,
				583F99CF2A2DEAED00BFF82E /* MVVM & combine practiceTests */,
				583F99D92A2DEAED00BFF82E /* MVVM & combine practiceUITests */,
				583F99B72A2DEAEC00BFF82E /* Products */,
			);
			sourceTree = "<group>";
		};
		583F99B72A2DEAEC00BFF82E /* Products */ = {
			isa = PBXGroup;
			children = (
				583F99B62A2DEAEC00BFF82E /* MVVM & combine practice.app */,
				583F99CC2A2DEAED00BFF82E /* MVVM & combine practiceTests.xctest */,
				583F99D62A2DEAED00BFF82E /* MVVM & combine practiceUITests.xctest */,
			);
			name = Products;
			sourceTree = "<group>";
		};
		583F99B82A2DEAEC00BFF82E /* MVVM & combine practice */ = {
			isa = PBXGroup;
			children = (
				583F99F12A2F332B00BFF82E /* Home */,
				583F99B92A2DEAEC00BFF82E /* AppDelegate.swift */,
				583F99BB2A2DEAEC00BFF82E /* SceneDelegate.swift */,
				583F99E92A2DEB2F00BFF82E /* Login */,
				583F99BF2A2DEAEC00BFF82E /* Main.storyboard */,
				583F99C22A2DEAED00BFF82E /* Assets.xcassets */,
				583F99C42A2DEAED00BFF82E /* LaunchScreen.storyboard */,
				583F99C72A2DEAED00BFF82E /* Info.plist */,
			);
			path = "MVVM & combine practice";
			sourceTree = "<group>";
		};
		583F99CF2A2DEAED00BFF82E /* MVVM & combine practiceTests */ = {
			isa = PBXGroup;
			children = (
				583F99D02A2DEAED00BFF82E /* MVVM___combine_practiceTests.swift */,
			);
			path = "MVVM & combine practiceTests";
			sourceTree = "<group>";
		};
		583F99D92A2DEAED00BFF82E /* MVVM & combine practiceUITests */ = {
			isa = PBXGroup;
			children = (
				583F99DA2A2DEAED00BFF82E /* MVVM___combine_practiceUITests.swift */,
				583F99DC2A2DEAED00BFF82E /* MVVM___combine_practiceUITestsLaunchTests.swift */,
			);
			path = "MVVM & combine practiceUITests";
			sourceTree = "<group>";
		};
		583F99E92A2DEB2F00BFF82E /* Login */ = {
			isa = PBXGroup;
			children = (
				583F99BD2A2DEAEC00BFF82E /* LoginView.swift */,
				583F99EA2A2DEB4A00BFF82E /* LoginViewModel.swift */,
				583F99EC2A2DEB5B00BFF82E /* Model */,
			);
			path = Login;
			sourceTree = "<group>";
		};
		583F99EC2A2DEB5B00BFF82E /* Model */ = {
			isa = PBXGroup;
			children = (
				583F99ED2A2DEBA200BFF82E /* APIClient.swift */,
				583F99EF2A2DECB100BFF82E /* User.swift */,
			);
			path = Model;
			sourceTree = "<group>";
		};
		583F99F12A2F332B00BFF82E /* Home */ = {
			isa = PBXGroup;
			children = (
				583F99F22A2F333900BFF82E /* HomeView.swift */,
			);
			path = Home;
			sourceTree = "<group>";
		};
/* End PBXGroup section */

/* Begin PBXNativeTarget section */
		583F99B52A2DEAEC00BFF82E /* MVVM & combine practice */ = {
			isa = PBXNativeTarget;
			buildConfigurationList = 583F99E02A2DEAED00BFF82E /* Build configuration list for PBXNativeTarget "MVVM & combine practice" */;
			buildPhases = (
				583F99B22A2DEAEC00BFF82E /* Sources */,
				583F99B32A2DEAEC00BFF82E /* Frameworks */,
				583F99B42A2DEAEC00BFF82E /* Resources */,
			);
			buildRules = (
			);
			dependencies = (
			);
			name = "MVVM & combine practice";
			productName = "MVVM & combine practice";
			productReference = 583F99B62A2DEAEC00BFF82E /* MVVM & combine practice.app */;
			productType = "com.apple.product-type.application";
		};
		583F99CB2A2DEAED00BFF82E /* MVVM & combine practiceTests */ = {
			isa = PBXNativeTarget;
			buildConfigurationList = 583F99E32A2DEAED00BFF82E /* Build configuration list for PBXNativeTarget "MVVM & combine practiceTests" */;
			buildPhases = (
				583F99C82A2DEAED00BFF82E /* Sources */,
				583F99C92A2DEAED00BFF82E /* Frameworks */,
				583F99CA2A2DEAED00BFF82E /* Resources */,
			);
			buildRules = (
			);
			dependencies = (
				583F99CE2A2DEAED00BFF82E /* PBXTargetDependency */,
			);
			name = "MVVM & combine practiceTests";
			productName = "MVVM & combine practiceTests";
			productReference = 583F99CC2A2DEAED00BFF82E /* MVVM & combine practiceTests.xctest */;
			productType = "com.apple.product-type.bundle.unit-test";
		};
		583F99D52A2DEAED00BFF82E /* MVVM & combine practiceUITests */ = {
			isa = PBXNativeTarget;
			buildConfigurationList = 583F99E62A2DEAED00BFF82E /* Build configuration list for PBXNativeTarget "MVVM & combine practiceUITests" */;
			buildPhases = (
				583F99D22A2DEAED00BFF82E /* Sources */,
				583F99D32A2DEAED00BFF82E /* Frameworks */,
				583F99D42A2DEAED00BFF82E /* Resources */,
			);
			buildRules = (
			);
			dependencies = (
				583F99D82A2DEAED00BFF82E /* PBXTargetDependency */,
			);
			name = "MVVM & combine practiceUITests";
			productName = "MVVM & combine practiceUITests";
			productReference = 583F99D62A2DEAED00BFF82E /* MVVM & combine practiceUITests.xctest */;
			productType = "com.apple.product-type.bundle.ui-testing";
		};
/* End PBXNativeTarget section */

/* Begin PBXProject section */
		583F99AE2A2DEAEC00BFF82E /* Project object */ = {
			isa = PBXProject;
			attributes = {
				BuildIndependentTargetsInParallel = 1;
				LastSwiftUpdateCheck = 1430;
				LastUpgradeCheck = 1430;
				TargetAttributes = {
					583F99B52A2DEAEC00BFF82E = {
						CreatedOnToolsVersion = 14.3.1;
					};
					583F99CB2A2DEAED00BFF82E = {
						CreatedOnToolsVersion = 14.3.1;
						TestTargetID = 583F99B52A2DEAEC00BFF82E;
					};
					583F99D52A2DEAED00BFF82E = {
						CreatedOnToolsVersion = 14.3.1;
						TestTargetID = 583F99B52A2DEAEC00BFF82E;
					};
				};
			};
			buildConfigurationList = 583F99B12A2DEAEC00BFF82E /* Build configuration list for PBXProject "MVVM & combine practice" */;
			compatibilityVersion = "Xcode 14.0";
			developmentRegion = en;
			hasScannedForEncodings = 0;
			knownRegions = (
				en,
				Base,
			);
			mainGroup = 583F99AD2A2DEAEC00BFF82E;
			productRefGroup = 583F99B72A2DEAEC00BFF82E /* Products */;
			projectDirPath = "";
			projectRoot = "";
			targets = (
				583F99B52A2DEAEC00BFF82E /* MVVM & combine practice */,
				583F99CB2A2DEAED00BFF82E /* MVVM & combine practiceTests */,
				583F99D52A2DEAED00BFF82E /* MVVM & combine practiceUITests */,
			);
		};
/* End PBXProject section */

/* Begin PBXResourcesBuildPhase section */
		583F99B42A2DEAEC00BFF82E /* Resources */ = {
			isa = PBXResourcesBuildPhase;
			buildActionMask = 2147483647;
			files = (
				583F99C62A2DEAED00BFF82E /* LaunchScreen.storyboard in Resources */,
				583F99C32A2DEAED00BFF82E /* Assets.xcassets in Resources */,
				583F99C12A2DEAEC00BFF82E /* Main.storyboard in Resources */,
			);
			runOnlyForDeploymentPostprocessing = 0;
		};
		583F99CA2A2DEAED00BFF82E /* Resources */ = {
			isa = PBXResourcesBuildPhase;
			buildActionMask = 2147483647;
			files = (
			);
			runOnlyForDeploymentPostprocessing = 0;
		};
		583F99D42A2DEAED00BFF82E /* Resources */ = {
			isa = PBXResourcesBuildPhase;
			buildActionMask = 2147483647;
			files = (
			);
			runOnlyForDeploymentPostprocessing = 0;
		};
/* End PBXResourcesBuildPhase section */

/* Begin PBXSourcesBuildPhase section */
		583F99B22A2DEAEC00BFF82E /* Sources */ = {
			isa = PBXSourcesBuildPhase;
			buildActionMask = 2147483647;
			files = (
				583F99EB2A2DEB4A00BFF82E /* LoginViewModel.swift in Sources */,
				583F99F32A2F333900BFF82E /* HomeView.swift in Sources */,
				583F99BE2A2DEAEC00BFF82E /* LoginView.swift in Sources */,
				583F99F02A2DECB100BFF82E /* User.swift in Sources */,
				583F99BA2A2DEAEC00BFF82E /* AppDelegate.swift in Sources */,
				583F99EE2A2DEBA200BFF82E /* APIClient.swift in Sources */,
				583F99BC2A2DEAEC00BFF82E /* SceneDelegate.swift in Sources */,
			);
			runOnlyForDeploymentPostprocessing = 0;
		};
		583F99C82A2DEAED00BFF82E /* Sources */ = {
			isa = PBXSourcesBuildPhase;
			buildActionMask = 2147483647;
			files = (
				583F99D12A2DEAED00BFF82E /* MVVM___combine_practiceTests.swift in Sources */,
			);
			runOnlyForDeploymentPostprocessing = 0;
		};
		583F99D22A2DEAED00BFF82E /* Sources */ = {
			isa = PBXSourcesBuildPhase;
			buildActionMask = 2147483647;
			files = (
				583F99DB2A2DEAED00BFF82E /* MVVM___combine_practiceUITests.swift in Sources */,
				583F99DD2A2DEAED00BFF82E /* MVVM___combine_practiceUITestsLaunchTests.swift in Sources */,
			);
			runOnlyForDeploymentPostprocessing = 0;
		};
/* End PBXSourcesBuildPhase section */

/* Begin PBXTargetDependency section */
		583F99CE2A2DEAED00BFF82E /* PBXTargetDependency */ = {
			isa = PBXTargetDependency;
			target = 583F99B52A2DEAEC00BFF82E /* MVVM & combine practice */;
			targetProxy = 583F99CD2A2DEAED00BFF82E /* PBXContainerItemProxy */;
		};
		583F99D82A2DEAED00BFF82E /* PBXTargetDependency */ = {
			isa = PBXTargetDependency;
			target = 583F99B52A2DEAEC00BFF82E /* MVVM & combine practice */;
			targetProxy = 583F99D72A2DEAED00BFF82E /* PBXContainerItemProxy */;
		};
/* End PBXTargetDependency section */

/* Begin PBXVariantGroup section */
		583F99BF2A2DEAEC00BFF82E /* Main.storyboard */ = {
			isa = PBXVariantGroup;
			children = (
				583F99C02A2DEAEC00BFF82E /* Base */,
			);
			name = Main.storyboard;
			sourceTree = "<group>";
		};
		583F99C42A2DEAED00BFF82E /* LaunchScreen.storyboard */ = {
			isa = PBXVariantGroup;
			children = (
				583F99C52A2DEAED00BFF82E /* Base */,
			);
			name = LaunchScreen.storyboard;
			sourceTree = "<group>";
		};
/* End PBXVariantGroup section */

/* Begin XCBuildConfiguration section */
		583F99DE2A2DEAED00BFF82E /* Debug */ = {
			isa = XCBuildConfiguration;
			buildSettings = {
				ALWAYS_SEARCH_USER_PATHS = NO;
				CLANG_ANALYZER_NONNULL = YES;
				CLANG_ANALYZER_NUMBER_OBJECT_CONVERSION = YES_AGGRESSIVE;
				CLANG_CXX_LANGUAGE_STANDARD = "gnu++20";
				CLANG_ENABLE_MODULES = YES;
				CLANG_ENABLE_OBJC_ARC = YES;
				CLANG_ENABLE_OBJC_WEAK = YES;
				CLANG_WARN_BLOCK_CAPTURE_AUTORELEASING = YES;
				CLANG_WARN_BOOL_CONVERSION = YES;
				CLANG_WARN_COMMA = YES;
				CLANG_WARN_CONSTANT_CONVERSION = YES;
				CLANG_WARN_DEPRECATED_OBJC_IMPLEMENTATIONS = YES;
				CLANG_WARN_DIRECT_OBJC_ISA_USAGE = YES_ERROR;
				CLANG_WARN_DOCUMENTATION_COMMENTS = YES;
				CLANG_WARN_EMPTY_BODY = YES;
				CLANG_WARN_ENUM_CONVERSION = YES;
				CLANG_WARN_INFINITE_RECURSION = YES;
				CLANG_WARN_INT_CONVERSION = YES;
				CLANG_WARN_NON_LITERAL_NULL_CONVERSION = YES;
				CLANG_WARN_OBJC_IMPLICIT_RETAIN_SELF = YES;
				CLANG_WARN_OBJC_LITERAL_CONVERSION = YES;
				CLANG_WARN_OBJC_ROOT_CLASS = YES_ERROR;
				CLANG_WARN_QUOTED_INCLUDE_IN_FRAMEWORK_HEADER = YES;
				CLANG_WARN_RANGE_LOOP_ANALYSIS = YES;
				CLANG_WARN_STRICT_PROTOTYPES = YES;
				CLANG_WARN_SUSPICIOUS_MOVE = YES;
				CLANG_WARN_UNGUARDED_AVAILABILITY = YES_AGGRESSIVE;
				CLANG_WARN_UNREACHABLE_CODE = YES;
				CLANG_WARN__DUPLICATE_METHOD_MATCH = YES;
				COPY_PHASE_STRIP = NO;
				DEBUG_INFORMATION_FORMAT = dwarf;
				ENABLE_STRICT_OBJC_MSGSEND = YES;
				ENABLE_TESTABILITY = YES;
				GCC_C_LANGUAGE_STANDARD = gnu11;
				GCC_DYNAMIC_NO_PIC = NO;
				GCC_NO_COMMON_BLOCKS = YES;
				GCC_OPTIMIZATION_LEVEL = 0;
				GCC_PREPROCESSOR_DEFINITIONS = (
					"DEBUG=1",
					"$(inherited)",
				);
				GCC_WARN_64_TO_32_BIT_CONVERSION = YES;
				GCC_WARN_ABOUT_RETURN_TYPE = YES_ERROR;
				GCC_WARN_UNDECLARED_SELECTOR = YES;
				GCC_WARN_UNINITIALIZED_AUTOS = YES_AGGRESSIVE;
				GCC_WARN_UNUSED_FUNCTION = YES;
				GCC_WARN_UNUSED_VARIABLE = YES;
				IPHONEOS_DEPLOYMENT_TARGET = 16.4;
				MTL_ENABLE_DEBUG_INFO = INCLUDE_SOURCE;
				MTL_FAST_MATH = YES;
				ONLY_ACTIVE_ARCH = YES;
				SDKROOT = iphoneos;
				SWIFT_ACTIVE_COMPILATION_CONDITIONS = DEBUG;
				SWIFT_OPTIMIZATION_LEVEL = "-Onone";
			};
			name = Debug;
		};
		583F99DF2A2DEAED00BFF82E /* Release */ = {
			isa = XCBuildConfiguration;
			buildSettings = {
				ALWAYS_SEARCH_USER_PATHS = NO;
				CLANG_ANALYZER_NONNULL = YES;
				CLANG_ANALYZER_NUMBER_OBJECT_CONVERSION = YES_AGGRESSIVE;
				CLANG_CXX_LANGUAGE_STANDARD = "gnu++20";
				CLANG_ENABLE_MODULES = YES;
				CLANG_ENABLE_OBJC_ARC = YES;
				CLANG_ENABLE_OBJC_WEAK = YES;
				CLANG_WARN_BLOCK_CAPTURE_AUTORELEASING = YES;
				CLANG_WARN_BOOL_CONVERSION = YES;
				CLANG_WARN_COMMA = YES;
				CLANG_WARN_CONSTANT_CONVERSION = YES;
				CLANG_WARN_DEPRECATED_OBJC_IMPLEMENTATIONS = YES;
				CLANG_WARN_DIRECT_OBJC_ISA_USAGE = YES_ERROR;
				CLANG_WARN_DOCUMENTATION_COMMENTS = YES;
				CLANG_WARN_EMPTY_BODY = YES;
				CLANG_WARN_ENUM_CONVERSION = YES;
				CLANG_WARN_INFINITE_RECURSION = YES;
				CLANG_WARN_INT_CONVERSION = YES;
				CLANG_WARN_NON_LITERAL_NULL_CONVERSION = YES;
				CLANG_WARN_OBJC_IMPLICIT_RETAIN_SELF = YES;
				CLANG_WARN_OBJC_LITERAL_CONVERSION = YES;
				CLANG_WARN_OBJC_ROOT_CLASS = YES_ERROR;
				CLANG_WARN_QUOTED_INCLUDE_IN_FRAMEWORK_HEADER = YES;
				CLANG_WARN_RANGE_LOOP_ANALYSIS = YES;
				CLANG_WARN_STRICT_PROTOTYPES = YES;
				CLANG_WARN_SUSPICIOUS_MOVE = YES;
				CLANG_WARN_UNGUARDED_AVAILABILITY = YES_AGGRESSIVE;
				CLANG_WARN_UNREACHABLE_CODE = YES;
				CLANG_WARN__DUPLICATE_METHOD_MATCH = YES;
				COPY_PHASE_STRIP = NO;
				DEBUG_INFORMATION_FORMAT = "dwarf-with-dsym";
				ENABLE_NS_ASSERTIONS = NO;
				ENABLE_STRICT_OBJC_MSGSEND = YES;
				GCC_C_LANGUAGE_STANDARD = gnu11;
				GCC_NO_COMMON_BLOCKS = YES;
				GCC_WARN_64_TO_32_BIT_CONVERSION = YES;
				GCC_WARN_ABOUT_RETURN_TYPE = YES_ERROR;
				GCC_WARN_UNDECLARED_SELECTOR = YES;
				GCC_WARN_UNINITIALIZED_AUTOS = YES_AGGRESSIVE;
				GCC_WARN_UNUSED_FUNCTION = YES;
				GCC_WARN_UNUSED_VARIABLE = YES;
				IPHONEOS_DEPLOYMENT_TARGET = 16.4;
				MTL_ENABLE_DEBUG_INFO = NO;
				MTL_FAST_MATH = YES;
				SDKROOT = iphoneos;
				SWIFT_COMPILATION_MODE = wholemodule;
				SWIFT_OPTIMIZATION_LEVEL = "-O";
				VALIDATE_PRODUCT = YES;
			};
			name = Release;
		};
		583F99E12A2DEAED00BFF82E /* Debug */ = {
			isa = XCBuildConfiguration;
			buildSettings = {
				ASSETCATALOG_COMPILER_APPICON_NAME = AppIcon;
				ASSETCATALOG_COMPILER_GLOBAL_ACCENT_COLOR_NAME = AccentColor;
				CODE_SIGN_STYLE = Automatic;
				CURRENT_PROJECT_VERSION = 1;
				GENERATE_INFOPLIST_FILE = YES;
				INFOPLIST_FILE = "MVVM & combine practice/Info.plist";
				INFOPLIST_KEY_UIApplicationSupportsIndirectInputEvents = YES;
				INFOPLIST_KEY_UILaunchStoryboardName = LaunchScreen;
				INFOPLIST_KEY_UIMainStoryboardFile = Main;
				INFOPLIST_KEY_UISupportedInterfaceOrientations_iPad = "UIInterfaceOrientationPortrait UIInterfaceOrientationPortraitUpsideDown UIInterfaceOrientationLandscapeLeft UIInterfaceOrientationLandscapeRight";
				INFOPLIST_KEY_UISupportedInterfaceOrientations_iPhone = "UIInterfaceOrientationPortrait UIInterfaceOrientationLandscapeLeft UIInterfaceOrientationLandscapeRight";
				LD_RUNPATH_SEARCH_PATHS = (
					"$(inherited)",
					"@executable_path/Frameworks",
				);
				MARKETING_VERSION = 1.0;
				PRODUCT_BUNDLE_IDENTIFIER = "com.lucalago.MVVM---combine-practice";
				PRODUCT_NAME = "$(TARGET_NAME)";
				SWIFT_EMIT_LOC_STRINGS = YES;
				SWIFT_VERSION = 5.0;
				TARGETED_DEVICE_FAMILY = "1,2";
			};
			name = Debug;
		};
		583F99E22A2DEAED00BFF82E /* Release */ = {
			isa = XCBuildConfiguration;
			buildSettings = {
				ASSETCATALOG_COMPILER_APPICON_NAME = AppIcon;
				ASSETCATALOG_COMPILER_GLOBAL_ACCENT_COLOR_NAME = AccentColor;
				CODE_SIGN_STYLE = Automatic;
				CURRENT_PROJECT_VERSION = 1;
				GENERATE_INFOPLIST_FILE = YES;
				INFOPLIST_FILE = "MVVM & combine practice/Info.plist";
				INFOPLIST_KEY_UIApplicationSupportsIndirectInputEvents = YES;
				INFOPLIST_KEY_UILaunchStoryboardName = LaunchScreen;
				INFOPLIST_KEY_UIMainStoryboardFile = Main;
				INFOPLIST_KEY_UISupportedInterfaceOrientations_iPad = "UIInterfaceOrientationPortrait UIInterfaceOrientationPortraitUpsideDown UIInterfaceOrientationLandscapeLeft UIInterfaceOrientationLandscapeRight";
				INFOPLIST_KEY_UISupportedInterfaceOrientations_iPhone = "UIInterfaceOrientationPortrait UIInterfaceOrientationLandscapeLeft UIInterfaceOrientationLandscapeRight";
				LD_RUNPATH_SEARCH_PATHS = (
					"$(inherited)",
					"@executable_path/Frameworks",
				);
				MARKETING_VERSION = 1.0;
				PRODUCT_BUNDLE_IDENTIFIER = "com.lucalago.MVVM---combine-practice";
				PRODUCT_NAME = "$(TARGET_NAME)";
				SWIFT_EMIT_LOC_STRINGS = YES;
				SWIFT_VERSION = 5.0;
				TARGETED_DEVICE_FAMILY = "1,2";
			};
			name = Release;
		};
		583F99E42A2DEAED00BFF82E /* Debug */ = {
			isa = XCBuildConfiguration;
			buildSettings = {
				ALWAYS_EMBED_SWIFT_STANDARD_LIBRARIES = YES;
				BUNDLE_LOADER = "$(TEST_HOST)";
				CODE_SIGN_STYLE = Automatic;
				CURRENT_PROJECT_VERSION = 1;
				GENERATE_INFOPLIST_FILE = YES;
				IPHONEOS_DEPLOYMENT_TARGET = 16.4;
				MARKETING_VERSION = 1.0;
				PRODUCT_BUNDLE_IDENTIFIER = "com.lucalago.MVVM---combine-practiceTests";
				PRODUCT_NAME = "$(TARGET_NAME)";
				SWIFT_EMIT_LOC_STRINGS = NO;
				SWIFT_VERSION = 5.0;
				TARGETED_DEVICE_FAMILY = "1,2";
				TEST_HOST = "$(BUILT_PRODUCTS_DIR)/MVVM & combine practice.app/$(BUNDLE_EXECUTABLE_FOLDER_PATH)/MVVM & combine practice";
			};
			name = Debug;
		};
		583F99E52A2DEAED00BFF82E /* Release */ = {
			isa = XCBuildConfiguration;
			buildSettings = {
				ALWAYS_EMBED_SWIFT_STANDARD_LIBRARIES = YES;
				BUNDLE_LOADER = "$(TEST_HOST)";
				CODE_SIGN_STYLE = Automatic;
				CURRENT_PROJECT_VERSION = 1;
				GENERATE_INFOPLIST_FILE = YES;
				IPHONEOS_DEPLOYMENT_TARGET = 16.4;
				MARKETING_VERSION = 1.0;
				PRODUCT_BUNDLE_IDENTIFIER = "com.lucalago.MVVM---combine-practiceTests";
				PRODUCT_NAME = "$(TARGET_NAME)";
				SWIFT_EMIT_LOC_STRINGS = NO;
				SWIFT_VERSION = 5.0;
				TARGETED_DEVICE_FAMILY = "1,2";
				TEST_HOST = "$(BUILT_PRODUCTS_DIR)/MVVM & combine practice.app/$(BUNDLE_EXECUTABLE_FOLDER_PATH)/MVVM & combine practice";
			};
			name = Release;
		};
		583F99E72A2DEAED00BFF82E /* Debug */ = {
			isa = XCBuildConfiguration;
			buildSettings = {
				ALWAYS_EMBED_SWIFT_STANDARD_LIBRARIES = YES;
				CODE_SIGN_STYLE = Automatic;
				CURRENT_PROJECT_VERSION = 1;
				GENERATE_INFOPLIST_FILE = YES;
				MARKETING_VERSION = 1.0;
				PRODUCT_BUNDLE_IDENTIFIER = "com.lucalago.MVVM---combine-practiceUITests";
				PRODUCT_NAME = "$(TARGET_NAME)";
				SWIFT_EMIT_LOC_STRINGS = NO;
				SWIFT_VERSION = 5.0;
				TARGETED_DEVICE_FAMILY = "1,2";
				TEST_TARGET_NAME = "MVVM & combine practice";
			};
			name = Debug;
		};
		583F99E82A2DEAED00BFF82E /* Release */ = {
			isa = XCBuildConfiguration;
			buildSettings = {
				ALWAYS_EMBED_SWIFT_STANDARD_LIBRARIES = YES;
				CODE_SIGN_STYLE = Automatic;
				CURRENT_PROJECT_VERSION = 1;
				GENERATE_INFOPLIST_FILE = YES;
				MARKETING_VERSION = 1.0;
				PRODUCT_BUNDLE_IDENTIFIER = "com.lucalago.MVVM---combine-practiceUITests";
				PRODUCT_NAME = "$(TARGET_NAME)";
				SWIFT_EMIT_LOC_STRINGS = NO;
				SWIFT_VERSION = 5.0;
				TARGETED_DEVICE_FAMILY = "1,2";
				TEST_TARGET_NAME = "MVVM & combine practice";
			};
			name = Release;
		};
/* End XCBuildConfiguration section */

/* Begin XCConfigurationList section */
		583F99B12A2DEAEC00BFF82E /* Build configuration list for PBXProject "MVVM & combine practice" */ = {
			isa = XCConfigurationList;
			buildConfigurations = (
				583F99DE2A2DEAED00BFF82E /* Debug */,
				583F99DF2A2DEAED00BFF82E /* Release */,
			);
			defaultConfigurationIsVisible = 0;
			defaultConfigurationName = Release;
		};
		583F99E02A2DEAED00BFF82E /* Build configuration list for PBXNativeTarget "MVVM & combine practice" */ = {
			isa = XCConfigurationList;
			buildConfigurations = (
				583F99E12A2DEAED00BFF82E /* Debug */,
				583F99E22A2DEAED00BFF82E /* Release */,
			);
			defaultConfigurationIsVisible = 0;
			defaultConfigurationName = Release;
		};
		583F99E32A2DEAED00BFF82E /* Build configuration list for PBXNativeTarget "MVVM & combine practiceTests" */ = {
			isa = XCConfigurationList;
			buildConfigurations = (
				583F99E42A2DEAED00BFF82E /* Debug */,
				583F99E52A2DEAED00BFF82E /* Release */,
			);
			defaultConfigurationIsVisible = 0;
			defaultConfigurationName = Release;
		};
		583F99E62A2DEAED00BFF82E /* Build configuration list for PBXNativeTarget "MVVM & combine practiceUITests" */ = {
			isa = XCConfigurationList;
			buildConfigurations = (
				583F99E72A2DEAED00BFF82E /* Debug */,
				583F99E82A2DEAED00BFF82E /* Release */,
			);
			defaultConfigurationIsVisible = 0;
			defaultConfigurationName = Release;
		};
/* End XCConfigurationList section */
	};
	rootObject = 583F99AE2A2DEAEC00BFF82E /* Project object */;
}
