// !$*UTF8*$!
{
	archiveVersion = 1;
	classes = {
	};
	objectVersion = 56;
	objects = {

/* Begin PBXBuildFile section */
		58212A2D2B97713F00DD9AD3 /* SwiftData_Vertical_SliceApp.swift in Sources */ = {isa = PBXBuildFile; fileRef = 58212A2C2B97713F00DD9AD3 /* SwiftData_Vertical_SliceApp.swift */; };
		58212A2F2B97713F00DD9AD3 /* ContentView.swift in Sources */ = {isa = PBXBuildFile; fileRef = 58212A2E2B97713F00DD9AD3 /* ContentView.swift */; };
		58212A312B97713F00DD9AD3 /* Item.swift in Sources */ = {isa = PBXBuildFile; fileRef = 58212A302B97713F00DD9AD3 /* Item.swift */; };
		58212A332B97714100DD9AD3 /* Assets.xcassets in Resources */ = {isa = PBXBuildFile; fileRef = 58212A322B97714100DD9AD3 /* Assets.xcassets */; };
		58212A362B97714100DD9AD3 /* Preview Assets.xcassets in Resources */ = {isa = PBXBuildFile; fileRef = 58212A352B97714100DD9AD3 /* Preview Assets.xcassets */; };
		58212A402B97714200DD9AD3 /* SwiftData_Vertical_SliceTests.swift in Sources */ = {isa = PBXBuildFile; fileRef = 58212A3F2B97714200DD9AD3 /* SwiftData_Vertical_SliceTests.swift */; };
		58212A4A2B97714200DD9AD3 /* SwiftData_Vertical_SliceUITests.swift in Sources */ = {isa = PBXBuildFile; fileRef = 58212A492B97714200DD9AD3 /* SwiftData_Vertical_SliceUITests.swift */; };
		58212A4C2B97714200DD9AD3 /* SwiftData_Vertical_SliceUITestsLaunchTests.swift in Sources */ = {isa = PBXBuildFile; fileRef = 58212A4B2B97714200DD9AD3 /* SwiftData_Vertical_SliceUITestsLaunchTests.swift */; };
/* End PBXBuildFile section */

/* Begin PBXContainerItemProxy section */
		58212A3C2B97714200DD9AD3 /* PBXContainerItemProxy */ = {
			isa = PBXContainerItemProxy;
			containerPortal = 58212A212B97713F00DD9AD3 /* Project object */;
			proxyType = 1;
			remoteGlobalIDString = 58212A282B97713F00DD9AD3;
			remoteInfo = "SwiftData Vertical Slice";
		};
		58212A462B97714200DD9AD3 /* PBXContainerItemProxy */ = {
			isa = PBXContainerItemProxy;
			containerPortal = 58212A212B97713F00DD9AD3 /* Project object */;
			proxyType = 1;
			remoteGlobalIDString = 58212A282B97713F00DD9AD3;
			remoteInfo = "SwiftData Vertical Slice";
		};
/* End PBXContainerItemProxy section */

/* Begin PBXFileReference section */
		58212A292B97713F00DD9AD3 /* SwiftData Vertical Slice.app */ = {isa = PBXFileReference; explicitFileType = wrapper.application; includeInIndex = 0; path = "SwiftData Vertical Slice.app"; sourceTree = BUILT_PRODUCTS_DIR; };
		58212A2C2B97713F00DD9AD3 /* SwiftData_Vertical_SliceApp.swift */ = {isa = PBXFileReference; lastKnownFileType = sourcecode.swift; path = SwiftData_Vertical_SliceApp.swift; sourceTree = "<group>"; };
		58212A2E2B97713F00DD9AD3 /* ContentView.swift */ = {isa = PBXFileReference; lastKnownFileType = sourcecode.swift; path = ContentView.swift; sourceTree = "<group>"; };
		58212A302B97713F00DD9AD3 /* Item.swift */ = {isa = PBXFileReference; lastKnownFileType = sourcecode.swift; path = Item.swift; sourceTree = "<group>"; };
		58212A322B97714100DD9AD3 /* Assets.xcassets */ = {isa = PBXFileReference; lastKnownFileType = folder.assetcatalog; path = Assets.xcassets; sourceTree = "<group>"; };
		58212A352B97714100DD9AD3 /* Preview Assets.xcassets */ = {isa = PBXFileReference; lastKnownFileType = folder.assetcatalog; path = "Preview Assets.xcassets"; sourceTree = "<group>"; };
		58212A3B2B97714200DD9AD3 /* SwiftData Vertical SliceTests.xctest */ = {isa = PBXFileReference; explicitFileType = wrapper.cfbundle; includeInIndex = 0; path = "SwiftData Vertical SliceTests.xctest"; sourceTree = BUILT_PRODUCTS_DIR; };
		58212A3F2B97714200DD9AD3 /* SwiftData_Vertical_SliceTests.swift */ = {isa = PBXFileReference; lastKnownFileType = sourcecode.swift; path = SwiftData_Vertical_SliceTests.swift; sourceTree = "<group>"; };
		58212A452B97714200DD9AD3 /* SwiftData Vertical SliceUITests.xctest */ = {isa = PBXFileReference; explicitFileType = wrapper.cfbundle; includeInIndex = 0; path = "SwiftData Vertical SliceUITests.xctest"; sourceTree = BUILT_PRODUCTS_DIR; };
		58212A492B97714200DD9AD3 /* SwiftData_Vertical_SliceUITests.swift */ = {isa = PBXFileReference; lastKnownFileType = sourcecode.swift; path = SwiftData_Vertical_SliceUITests.swift; sourceTree = "<group>"; };
		58212A4B2B97714200DD9AD3 /* SwiftData_Vertical_SliceUITestsLaunchTests.swift */ = {isa = PBXFileReference; lastKnownFileType = sourcecode.swift; path = SwiftData_Vertical_SliceUITestsLaunchTests.swift; sourceTree = "<group>"; };
/* End PBXFileReference section */

/* Begin PBXFrameworksBuildPhase section */
		58212A262B97713F00DD9AD3 /* Frameworks */ = {
			isa = PBXFrameworksBuildPhase;
			buildActionMask = 2147483647;
			files = (
			);
			runOnlyForDeploymentPostprocessing = 0;
		};
		58212A382B97714200DD9AD3 /* Frameworks */ = {
			isa = PBXFrameworksBuildPhase;
			buildActionMask = 2147483647;
			files = (
			);
			runOnlyForDeploymentPostprocessing = 0;
		};
		58212A422B97714200DD9AD3 /* Frameworks */ = {
			isa = PBXFrameworksBuildPhase;
			buildActionMask = 2147483647;
			files = (
			);
			runOnlyForDeploymentPostprocessing = 0;
		};
/* End PBXFrameworksBuildPhase section */

/* Begin PBXGroup section */
		58212A202B97713F00DD9AD3 = {
			isa = PBXGroup;
			children = (
				58212A2B2B97713F00DD9AD3 /* SwiftData Vertical Slice */,
				58212A3E2B97714200DD9AD3 /* SwiftData Vertical SliceTests */,
				58212A482B97714200DD9AD3 /* SwiftData Vertical SliceUITests */,
				58212A2A2B97713F00DD9AD3 /* Products */,
			);
			sourceTree = "<group>";
		};
		58212A2A2B97713F00DD9AD3 /* Products */ = {
			isa = PBXGroup;
			children = (
				58212A292B97713F00DD9AD3 /* SwiftData Vertical Slice.app */,
				58212A3B2B97714200DD9AD3 /* SwiftData Vertical SliceTests.xctest */,
				58212A452B97714200DD9AD3 /* SwiftData Vertical SliceUITests.xctest */,
			);
			name = Products;
			sourceTree = "<group>";
		};
		58212A2B2B97713F00DD9AD3 /* SwiftData Vertical Slice */ = {
			isa = PBXGroup;
			children = (
				58212A2C2B97713F00DD9AD3 /* SwiftData_Vertical_SliceApp.swift */,
				58212A2E2B97713F00DD9AD3 /* ContentView.swift */,
				58212A302B97713F00DD9AD3 /* Item.swift */,
				58212A322B97714100DD9AD3 /* Assets.xcassets */,
				58212A342B97714100DD9AD3 /* Preview Content */,
			);
			path = "SwiftData Vertical Slice";
			sourceTree = "<group>";
		};
		58212A342B97714100DD9AD3 /* Preview Content */ = {
			isa = PBXGroup;
			children = (
				58212A352B97714100DD9AD3 /* Preview Assets.xcassets */,
			);
			path = "Preview Content";
			sourceTree = "<group>";
		};
		58212A3E2B97714200DD9AD3 /* SwiftData Vertical SliceTests */ = {
			isa = PBXGroup;
			children = (
				58212A3F2B97714200DD9AD3 /* SwiftData_Vertical_SliceTests.swift */,
			);
			path = "SwiftData Vertical SliceTests";
			sourceTree = "<group>";
		};
		58212A482B97714200DD9AD3 /* SwiftData Vertical SliceUITests */ = {
			isa = PBXGroup;
			children = (
				58212A492B97714200DD9AD3 /* SwiftData_Vertical_SliceUITests.swift */,
				58212A4B2B97714200DD9AD3 /* SwiftData_Vertical_SliceUITestsLaunchTests.swift */,
			);
			path = "SwiftData Vertical SliceUITests";
			sourceTree = "<group>";
		};
/* End PBXGroup section */

/* Begin PBXNativeTarget section */
		58212A282B97713F00DD9AD3 /* SwiftData Vertical Slice */ = {
			isa = PBXNativeTarget;
			buildConfigurationList = 58212A4F2B97714200DD9AD3 /* Build configuration list for PBXNativeTarget "SwiftData Vertical Slice" */;
			buildPhases = (
				58212A252B97713F00DD9AD3 /* Sources */,
				58212A262B97713F00DD9AD3 /* Frameworks */,
				58212A272B97713F00DD9AD3 /* Resources */,
			);
			buildRules = (
			);
			dependencies = (
			);
			name = "SwiftData Vertical Slice";
			productName = "SwiftData Vertical Slice";
			productReference = 58212A292B97713F00DD9AD3 /* SwiftData Vertical Slice.app */;
			productType = "com.apple.product-type.application";
		};
		58212A3A2B97714200DD9AD3 /* SwiftData Vertical SliceTests */ = {
			isa = PBXNativeTarget;
			buildConfigurationList = 58212A522B97714200DD9AD3 /* Build configuration list for PBXNativeTarget "SwiftData Vertical SliceTests" */;
			buildPhases = (
				58212A372B97714200DD9AD3 /* Sources */,
				58212A382B97714200DD9AD3 /* Frameworks */,
				58212A392B97714200DD9AD3 /* Resources */,
			);
			buildRules = (
			);
			dependencies = (
				58212A3D2B97714200DD9AD3 /* PBXTargetDependency */,
			);
			name = "SwiftData Vertical SliceTests";
			productName = "SwiftData Vertical SliceTests";
			productReference = 58212A3B2B97714200DD9AD3 /* SwiftData Vertical SliceTests.xctest */;
			productType = "com.apple.product-type.bundle.unit-test";
		};
		58212A442B97714200DD9AD3 /* SwiftData Vertical SliceUITests */ = {
			isa = PBXNativeTarget;
			buildConfigurationList = 58212A552B97714200DD9AD3 /* Build configuration list for PBXNativeTarget "SwiftData Vertical SliceUITests" */;
			buildPhases = (
				58212A412B97714200DD9AD3 /* Sources */,
				58212A422B97714200DD9AD3 /* Frameworks */,
				58212A432B97714200DD9AD3 /* Resources */,
			);
			buildRules = (
			);
			dependencies = (
				58212A472B97714200DD9AD3 /* PBXTargetDependency */,
			);
			name = "SwiftData Vertical SliceUITests";
			productName = "SwiftData Vertical SliceUITests";
			productReference = 58212A452B97714200DD9AD3 /* SwiftData Vertical SliceUITests.xctest */;
			productType = "com.apple.product-type.bundle.ui-testing";
		};
/* End PBXNativeTarget section */

/* Begin PBXProject section */
		58212A212B97713F00DD9AD3 /* Project object */ = {
			isa = PBXProject;
			attributes = {
				BuildIndependentTargetsInParallel = 1;
				LastSwiftUpdateCheck = 1520;
				LastUpgradeCheck = 1520;
				TargetAttributes = {
					58212A282B97713F00DD9AD3 = {
						CreatedOnToolsVersion = 15.2;
					};
					58212A3A2B97714200DD9AD3 = {
						CreatedOnToolsVersion = 15.2;
						TestTargetID = 58212A282B97713F00DD9AD3;
					};
					58212A442B97714200DD9AD3 = {
						CreatedOnToolsVersion = 15.2;
						TestTargetID = 58212A282B97713F00DD9AD3;
					};
				};
			};
			buildConfigurationList = 58212A242B97713F00DD9AD3 /* Build configuration list for PBXProject "SwiftData Vertical Slice" */;
			compatibilityVersion = "Xcode 14.0";
			developmentRegion = en;
			hasScannedForEncodings = 0;
			knownRegions = (
				en,
				Base,
			);
			mainGroup = 58212A202B97713F00DD9AD3;
			productRefGroup = 58212A2A2B97713F00DD9AD3 /* Products */;
			projectDirPath = "";
			projectRoot = "";
			targets = (
				58212A282B97713F00DD9AD3 /* SwiftData Vertical Slice */,
				58212A3A2B97714200DD9AD3 /* SwiftData Vertical SliceTests */,
				58212A442B97714200DD9AD3 /* SwiftData Vertical SliceUITests */,
			);
		};
/* End PBXProject section */

/* Begin PBXResourcesBuildPhase section */
		58212A272B97713F00DD9AD3 /* Resources */ = {
			isa = PBXResourcesBuildPhase;
			buildActionMask = 2147483647;
			files = (
				58212A362B97714100DD9AD3 /* Preview Assets.xcassets in Resources */,
				58212A332B97714100DD9AD3 /* Assets.xcassets in Resources */,
			);
			runOnlyForDeploymentPostprocessing = 0;
		};
		58212A392B97714200DD9AD3 /* Resources */ = {
			isa = PBXResourcesBuildPhase;
			buildActionMask = 2147483647;
			files = (
			);
			runOnlyForDeploymentPostprocessing = 0;
		};
		58212A432B97714200DD9AD3 /* Resources */ = {
			isa = PBXResourcesBuildPhase;
			buildActionMask = 2147483647;
			files = (
			);
			runOnlyForDeploymentPostprocessing = 0;
		};
/* End PBXResourcesBuildPhase section */

/* Begin PBXSourcesBuildPhase section */
		58212A252B97713F00DD9AD3 /* Sources */ = {
			isa = PBXSourcesBuildPhase;
			buildActionMask = 2147483647;
			files = (
				58212A2F2B97713F00DD9AD3 /* ContentView.swift in Sources */,
				58212A312B97713F00DD9AD3 /* Item.swift in Sources */,
				58212A2D2B97713F00DD9AD3 /* SwiftData_Vertical_SliceApp.swift in Sources */,
			);
			runOnlyForDeploymentPostprocessing = 0;
		};
		58212A372B97714200DD9AD3 /* Sources */ = {
			isa = PBXSourcesBuildPhase;
			buildActionMask = 2147483647;
			files = (
				58212A402B97714200DD9AD3 /* SwiftData_Vertical_SliceTests.swift in Sources */,
			);
			runOnlyForDeploymentPostprocessing = 0;
		};
		58212A412B97714200DD9AD3 /* Sources */ = {
			isa = PBXSourcesBuildPhase;
			buildActionMask = 2147483647;
			files = (
				58212A4A2B97714200DD9AD3 /* SwiftData_Vertical_SliceUITests.swift in Sources */,
				58212A4C2B97714200DD9AD3 /* SwiftData_Vertical_SliceUITestsLaunchTests.swift in Sources */,
			);
			runOnlyForDeploymentPostprocessing = 0;
		};
/* End PBXSourcesBuildPhase section */

/* Begin PBXTargetDependency section */
		58212A3D2B97714200DD9AD3 /* PBXTargetDependency */ = {
			isa = PBXTargetDependency;
			target = 58212A282B97713F00DD9AD3 /* SwiftData Vertical Slice */;
			targetProxy = 58212A3C2B97714200DD9AD3 /* PBXContainerItemProxy */;
		};
		58212A472B97714200DD9AD3 /* PBXTargetDependency */ = {
			isa = PBXTargetDependency;
			target = 58212A282B97713F00DD9AD3 /* SwiftData Vertical Slice */;
			targetProxy = 58212A462B97714200DD9AD3 /* PBXContainerItemProxy */;
		};
/* End PBXTargetDependency section */

/* Begin XCBuildConfiguration section */
		58212A4D2B97714200DD9AD3 /* Debug */ = {
			isa = XCBuildConfiguration;
			buildSettings = {
				ALWAYS_SEARCH_USER_PATHS = NO;
				ASSETCATALOG_COMPILER_GENERATE_SWIFT_ASSET_SYMBOL_EXTENSIONS = YES;
				CLANG_ANALYZER_NONNULL = YES;
				CLANG_ANALYZER_NUMBER_OBJECT_CONVERSION = YES_AGGRESSIVE;
				CLANG_CXX_LANGUAGE_STANDARD = "gnu++20";
				CLANG_ENABLE_MODULES = YES;
				CLANG_ENABLE_OBJC_ARC = YES;
				CLANG_ENABLE_OBJC_WEAK = YES;
				CLANG_WARN_BLOCK_CAPTURE_AUTORELEASING = YES;
				CLANG_WARN_BOOL_CONVERSION = YES;
				CLANG_WARN_COMMA = YES;
				CLANG_WARN_CONSTANT_CONVERSION = YES;
				CLANG_WARN_DEPRECATED_OBJC_IMPLEMENTATIONS = YES;
				CLANG_WARN_DIRECT_OBJC_ISA_USAGE = YES_ERROR;
				CLANG_WARN_DOCUMENTATION_COMMENTS = YES;
				CLANG_WARN_EMPTY_BODY = YES;
				CLANG_WARN_ENUM_CONVERSION = YES;
				CLANG_WARN_INFINITE_RECURSION = YES;
				CLANG_WARN_INT_CONVERSION = YES;
				CLANG_WARN_NON_LITERAL_NULL_CONVERSION = YES;
				CLANG_WARN_OBJC_IMPLICIT_RETAIN_SELF = YES;
				CLANG_WARN_OBJC_LITERAL_CONVERSION = YES;
				CLANG_WARN_OBJC_ROOT_CLASS = YES_ERROR;
				CLANG_WARN_QUOTED_INCLUDE_IN_FRAMEWORK_HEADER = YES;
				CLANG_WARN_RANGE_LOOP_ANALYSIS = YES;
				CLANG_WARN_STRICT_PROTOTYPES = YES;
				CLANG_WARN_SUSPICIOUS_MOVE = YES;
				CLANG_WARN_UNGUARDED_AVAILABILITY = YES_AGGRESSIVE;
				CLANG_WARN_UNREACHABLE_CODE = YES;
				CLANG_WARN__DUPLICATE_METHOD_MATCH = YES;
				COPY_PHASE_STRIP = NO;
				DEBUG_INFORMATION_FORMAT = dwarf;
				ENABLE_STRICT_OBJC_MSGSEND = YES;
				ENABLE_TESTABILITY = YES;
				ENABLE_USER_SCRIPT_SANDBOXING = YES;
				GCC_C_LANGUAGE_STANDARD = gnu17;
				GCC_DYNAMIC_NO_PIC = NO;
				GCC_NO_COMMON_BLOCKS = YES;
				GCC_OPTIMIZATION_LEVEL = 0;
				GCC_PREPROCESSOR_DEFINITIONS = (
					"DEBUG=1",
					"$(inherited)",
				);
				GCC_WARN_64_TO_32_BIT_CONVERSION = YES;
				GCC_WARN_ABOUT_RETURN_TYPE = YES_ERROR;
				GCC_WARN_UNDECLARED_SELECTOR = YES;
				GCC_WARN_UNINITIALIZED_AUTOS = YES_AGGRESSIVE;
				GCC_WARN_UNUSED_FUNCTION = YES;
				GCC_WARN_UNUSED_VARIABLE = YES;
				IPHONEOS_DEPLOYMENT_TARGET = 17.2;
				LOCALIZATION_PREFERS_STRING_CATALOGS = YES;
				MTL_ENABLE_DEBUG_INFO = INCLUDE_SOURCE;
				MTL_FAST_MATH = YES;
				ONLY_ACTIVE_ARCH = YES;
				SDKROOT = iphoneos;
				SWIFT_ACTIVE_COMPILATION_CONDITIONS = "DEBUG $(inherited)";
				SWIFT_OPTIMIZATION_LEVEL = "-Onone";
			};
			name = Debug;
		};
		58212A4E2B97714200DD9AD3 /* Release */ = {
			isa = XCBuildConfiguration;
			buildSettings = {
				ALWAYS_SEARCH_USER_PATHS = NO;
				ASSETCATALOG_COMPILER_GENERATE_SWIFT_ASSET_SYMBOL_EXTENSIONS = YES;
				CLANG_ANALYZER_NONNULL = YES;
				CLANG_ANALYZER_NUMBER_OBJECT_CONVERSION = YES_AGGRESSIVE;
				CLANG_CXX_LANGUAGE_STANDARD = "gnu++20";
				CLANG_ENABLE_MODULES = YES;
				CLANG_ENABLE_OBJC_ARC = YES;
				CLANG_ENABLE_OBJC_WEAK = YES;
				CLANG_WARN_BLOCK_CAPTURE_AUTORELEASING = YES;
				CLANG_WARN_BOOL_CONVERSION = YES;
				CLANG_WARN_COMMA = YES;
				CLANG_WARN_CONSTANT_CONVERSION = YES;
				CLANG_WARN_DEPRECATED_OBJC_IMPLEMENTATIONS = YES;
				CLANG_WARN_DIRECT_OBJC_ISA_USAGE = YES_ERROR;
				CLANG_WARN_DOCUMENTATION_COMMENTS = YES;
				CLANG_WARN_EMPTY_BODY = YES;
				CLANG_WARN_ENUM_CONVERSION = YES;
				CLANG_WARN_INFINITE_RECURSION = YES;
				CLANG_WARN_INT_CONVERSION = YES;
				CLANG_WARN_NON_LITERAL_NULL_CONVERSION = YES;
				CLANG_WARN_OBJC_IMPLICIT_RETAIN_SELF = YES;
				CLANG_WARN_OBJC_LITERAL_CONVERSION = YES;
				CLANG_WARN_OBJC_ROOT_CLASS = YES_ERROR;
				CLANG_WARN_QUOTED_INCLUDE_IN_FRAMEWORK_HEADER = YES;
				CLANG_WARN_RANGE_LOOP_ANALYSIS = YES;
				CLANG_WARN_STRICT_PROTOTYPES = YES;
				CLANG_WARN_SUSPICIOUS_MOVE = YES;
				CLANG_WARN_UNGUARDED_AVAILABILITY = YES_AGGRESSIVE;
				CLANG_WARN_UNREACHABLE_CODE = YES;
				CLANG_WARN__DUPLICATE_METHOD_MATCH = YES;
				COPY_PHASE_STRIP = NO;
				DEBUG_INFORMATION_FORMAT = "dwarf-with-dsym";
				ENABLE_NS_ASSERTIONS = NO;
				ENABLE_STRICT_OBJC_MSGSEND = YES;
				ENABLE_USER_SCRIPT_SANDBOXING = YES;
				GCC_C_LANGUAGE_STANDARD = gnu17;
				GCC_NO_COMMON_BLOCKS = YES;
				GCC_WARN_64_TO_32_BIT_CONVERSION = YES;
				GCC_WARN_ABOUT_RETURN_TYPE = YES_ERROR;
				GCC_WARN_UNDECLARED_SELECTOR = YES;
				GCC_WARN_UNINITIALIZED_AUTOS = YES_AGGRESSIVE;
				GCC_WARN_UNUSED_FUNCTION = YES;
				GCC_WARN_UNUSED_VARIABLE = YES;
				IPHONEOS_DEPLOYMENT_TARGET = 17.2;
				LOCALIZATION_PREFERS_STRING_CATALOGS = YES;
				MTL_ENABLE_DEBUG_INFO = NO;
				MTL_FAST_MATH = YES;
				SDKROOT = iphoneos;
				SWIFT_COMPILATION_MODE = wholemodule;
				VALIDATE_PRODUCT = YES;
			};
			name = Release;
		};
		58212A502B97714200DD9AD3 /* Debug */ = {
			isa = XCBuildConfiguration;
			buildSettings = {
				ASSETCATALOG_COMPILER_APPICON_NAME = AppIcon;
				ASSETCATALOG_COMPILER_GLOBAL_ACCENT_COLOR_NAME = AccentColor;
				CODE_SIGN_STYLE = Automatic;
				CURRENT_PROJECT_VERSION = 1;
				DEVELOPMENT_ASSET_PATHS = "\"SwiftData Vertical Slice/Preview Content\"";
				ENABLE_PREVIEWS = YES;
				GENERATE_INFOPLIST_FILE = YES;
				INFOPLIST_KEY_UIApplicationSceneManifest_Generation = YES;
				INFOPLIST_KEY_UIApplicationSupportsIndirectInputEvents = YES;
				INFOPLIST_KEY_UILaunchScreen_Generation = YES;
				INFOPLIST_KEY_UISupportedInterfaceOrientations_iPad = "UIInterfaceOrientationPortrait UIInterfaceOrientationPortraitUpsideDown UIInterfaceOrientationLandscapeLeft UIInterfaceOrientationLandscapeRight";
				INFOPLIST_KEY_UISupportedInterfaceOrientations_iPhone = "UIInterfaceOrientationPortrait UIInterfaceOrientationLandscapeLeft UIInterfaceOrientationLandscapeRight";
				LD_RUNPATH_SEARCH_PATHS = (
					"$(inherited)",
					"@executable_path/Frameworks",
				);
				MARKETING_VERSION = 1.0;
				PRODUCT_BUNDLE_IDENTIFIER = "com.RomTheSheep.SwiftData-Vertical-Slice";
				PRODUCT_NAME = "$(TARGET_NAME)";
				SWIFT_EMIT_LOC_STRINGS = YES;
				SWIFT_VERSION = 5.0;
				TARGETED_DEVICE_FAMILY = "1,2";
			};
			name = Debug;
		};
		58212A512B97714200DD9AD3 /* Release */ = {
			isa = XCBuildConfiguration;
			buildSettings = {
				ASSETCATALOG_COMPILER_APPICON_NAME = AppIcon;
				ASSETCATALOG_COMPILER_GLOBAL_ACCENT_COLOR_NAME = AccentColor;
				CODE_SIGN_STYLE = Automatic;
				CURRENT_PROJECT_VERSION = 1;
				DEVELOPMENT_ASSET_PATHS = "\"SwiftData Vertical Slice/Preview Content\"";
				ENABLE_PREVIEWS = YES;
				GENERATE_INFOPLIST_FILE = YES;
				INFOPLIST_KEY_UIApplicationSceneManifest_Generation = YES;
				INFOPLIST_KEY_UIApplicationSupportsIndirectInputEvents = YES;
				INFOPLIST_KEY_UILaunchScreen_Generation = YES;
				INFOPLIST_KEY_UISupportedInterfaceOrientations_iPad = "UIInterfaceOrientationPortrait UIInterfaceOrientationPortraitUpsideDown UIInterfaceOrientationLandscapeLeft UIInterfaceOrientationLandscapeRight";
				INFOPLIST_KEY_UISupportedInterfaceOrientations_iPhone = "UIInterfaceOrientationPortrait UIInterfaceOrientationLandscapeLeft UIInterfaceOrientationLandscapeRight";
				LD_RUNPATH_SEARCH_PATHS = (
					"$(inherited)",
					"@executable_path/Frameworks",
				);
				MARKETING_VERSION = 1.0;
				PRODUCT_BUNDLE_IDENTIFIER = "com.RomTheSheep.SwiftData-Vertical-Slice";
				PRODUCT_NAME = "$(TARGET_NAME)";
				SWIFT_EMIT_LOC_STRINGS = YES;
				SWIFT_VERSION = 5.0;
				TARGETED_DEVICE_FAMILY = "1,2";
			};
			name = Release;
		};
		58212A532B97714200DD9AD3 /* Debug */ = {
			isa = XCBuildConfiguration;
			buildSettings = {
				ALWAYS_EMBED_SWIFT_STANDARD_LIBRARIES = YES;
				BUNDLE_LOADER = "$(TEST_HOST)";
				CODE_SIGN_STYLE = Automatic;
				CURRENT_PROJECT_VERSION = 1;
				GENERATE_INFOPLIST_FILE = YES;
				IPHONEOS_DEPLOYMENT_TARGET = 17.2;
				MARKETING_VERSION = 1.0;
				PRODUCT_BUNDLE_IDENTIFIER = "com.RomTheSheep.SwiftData-Vertical-SliceTests";
				PRODUCT_NAME = "$(TARGET_NAME)";
				SWIFT_EMIT_LOC_STRINGS = NO;
				SWIFT_VERSION = 5.0;
				TARGETED_DEVICE_FAMILY = "1,2";
				TEST_HOST = "$(BUILT_PRODUCTS_DIR)/SwiftData Vertical Slice.app/$(BUNDLE_EXECUTABLE_FOLDER_PATH)/SwiftData Vertical Slice";
			};
			name = Debug;
		};
		58212A542B97714200DD9AD3 /* Release */ = {
			isa = XCBuildConfiguration;
			buildSettings = {
				ALWAYS_EMBED_SWIFT_STANDARD_LIBRARIES = YES;
				BUNDLE_LOADER = "$(TEST_HOST)";
				CODE_SIGN_STYLE = Automatic;
				CURRENT_PROJECT_VERSION = 1;
				GENERATE_INFOPLIST_FILE = YES;
				IPHONEOS_DEPLOYMENT_TARGET = 17.2;
				MARKETING_VERSION = 1.0;
				PRODUCT_BUNDLE_IDENTIFIER = "com.RomTheSheep.SwiftData-Vertical-SliceTests";
				PRODUCT_NAME = "$(TARGET_NAME)";
				SWIFT_EMIT_LOC_STRINGS = NO;
				SWIFT_VERSION = 5.0;
				TARGETED_DEVICE_FAMILY = "1,2";
				TEST_HOST = "$(BUILT_PRODUCTS_DIR)/SwiftData Vertical Slice.app/$(BUNDLE_EXECUTABLE_FOLDER_PATH)/SwiftData Vertical Slice";
			};
			name = Release;
		};
		58212A562B97714200DD9AD3 /* Debug */ = {
			isa = XCBuildConfiguration;
			buildSettings = {
				ALWAYS_EMBED_SWIFT_STANDARD_LIBRARIES = YES;
				CODE_SIGN_STYLE = Automatic;
				CURRENT_PROJECT_VERSION = 1;
				GENERATE_INFOPLIST_FILE = YES;
				MARKETING_VERSION = 1.0;
				PRODUCT_BUNDLE_IDENTIFIER = "com.RomTheSheep.SwiftData-Vertical-SliceUITests";
				PRODUCT_NAME = "$(TARGET_NAME)";
				SWIFT_EMIT_LOC_STRINGS = NO;
				SWIFT_VERSION = 5.0;
				TARGETED_DEVICE_FAMILY = "1,2";
				TEST_TARGET_NAME = "SwiftData Vertical Slice";
			};
			name = Debug;
		};
		58212A572B97714200DD9AD3 /* Release */ = {
			isa = XCBuildConfiguration;
			buildSettings = {
				ALWAYS_EMBED_SWIFT_STANDARD_LIBRARIES = YES;
				CODE_SIGN_STYLE = Automatic;
				CURRENT_PROJECT_VERSION = 1;
				GENERATE_INFOPLIST_FILE = YES;
				MARKETING_VERSION = 1.0;
				PRODUCT_BUNDLE_IDENTIFIER = "com.RomTheSheep.SwiftData-Vertical-SliceUITests";
				PRODUCT_NAME = "$(TARGET_NAME)";
				SWIFT_EMIT_LOC_STRINGS = NO;
				SWIFT_VERSION = 5.0;
				TARGETED_DEVICE_FAMILY = "1,2";
				TEST_TARGET_NAME = "SwiftData Vertical Slice";
			};
			name = Release;
		};
/* End XCBuildConfiguration section */

/* Begin XCConfigurationList section */
		58212A242B97713F00DD9AD3 /* Build configuration list for PBXProject "SwiftData Vertical Slice" */ = {
			isa = XCConfigurationList;
			buildConfigurations = (
				58212A4D2B97714200DD9AD3 /* Debug */,
				58212A4E2B97714200DD9AD3 /* Release */,
			);
			defaultConfigurationIsVisible = 0;
			defaultConfigurationName = Release;
		};
		58212A4F2B97714200DD9AD3 /* Build configuration list for PBXNativeTarget "SwiftData Vertical Slice" */ = {
			isa = XCConfigurationList;
			buildConfigurations = (
				58212A502B97714200DD9AD3 /* Debug */,
				58212A512B97714200DD9AD3 /* Release */,
			);
			defaultConfigurationIsVisible = 0;
			defaultConfigurationName = Release;
		};
		58212A522B97714200DD9AD3 /* Build configuration list for PBXNativeTarget "SwiftData Vertical SliceTests" */ = {
			isa = XCConfigurationList;
			buildConfigurations = (
				58212A532B97714200DD9AD3 /* Debug */,
				58212A542B97714200DD9AD3 /* Release */,
			);
			defaultConfigurationIsVisible = 0;
			defaultConfigurationName = Release;
		};
		58212A552B97714200DD9AD3 /* Build configuration list for PBXNativeTarget "SwiftData Vertical SliceUITests" */ = {
			isa = XCConfigurationList;
			buildConfigurations = (
				58212A562B97714200DD9AD3 /* Debug */,
				58212A572B97714200DD9AD3 /* Release */,
			);
			defaultConfigurationIsVisible = 0;
			defaultConfigurationName = Release;
		};
/* End XCConfigurationList section */
	};
	rootObject = 58212A212B97713F00DD9AD3 /* Project object */;
}
